
Microsoft Visual Studio Solution File, Format Version 12.00
# Visual Studio Version 17
VisualStudioVersion = 17.4.33122.133
MinimumVisualStudioVersion = 10.0.40219.1
Project("{FAE04EC0-301F-11D3-BF4B-00C04F79EFBC}") = "Siimple", "Siimple\Siimple.csproj", "{A21EB819-AAE2-4814-94FE-19CB5F854929}"
EndProject
Global
	GlobalSection(SolutionConfigurationPlatforms) = preSolution
		Debug|Any CPU = Debug|Any CPU
		Release|Any CPU = Release|Any CPU
	EndGlobalSection
	GlobalSection(ProjectConfigurationPlatforms) = postSolution
		{A21EB819-AAE2-4814-94FE-19CB5F854929}.Debug|Any CPU.ActiveCfg = Debug|Any CPU
		{A21EB819-AAE2-4814-94FE-19CB5F854929}.Debug|Any CPU.Build.0 = Debug|Any CPU
		{A21EB819-AAE2-4814-94FE-19CB5F854929}.Release|Any CPU.ActiveCfg = Release|Any CPU
		{A21EB819-AAE2-4814-94FE-19CB5F854929}.Release|Any CPU.Build.0 = Release|Any CPU
	EndGlobalSection
	GlobalSection(SolutionProperties) = preSolution
		HideSolutionNode = FALSE
	EndGlobalSection
	GlobalSection(ExtensibilityGlobals) = postSolution
		SolutionGuid = {13146D25-B1B7-45ED-A01C-A5D9AA5545B0}
	EndGlobalSection
EndGlobal
